
Microsoft Visual Studio Solution File, Format Version 12.00
# Visual Studio Version 17
VisualStudioVersion = 17.9.34723.18
MinimumVisualStudioVersion = 10.0.40219.1
Project("{9A19103F-16F7-4668-BE54-9A1E7A4F7556}") = "Welcome", "Welcome\Welcome.csproj", "{FE5F5CE7-DE96-496E-97D1-73AD9BBA8400}"
EndProject
Project("{9A19103F-16F7-4668-BE54-9A1E7A4F7556}") = "WelcomeExtended", "WelcomeExtended\WelcomeExtended.csproj", "{55D26868-CB52-4474-8C0B-6B0986DBCF5E}"
EndProject
Project("{FAE04EC0-301F-11D3-BF4B-00C04F79EFBC}") = "DataLayer", "DataLayer\DataLayer.csproj", "{814A1E4D-44FC-41DF-B14C-007438413D08}"
EndProject
Project("{FAE04EC0-301F-11D3-BF4B-00C04F79EFBC}") = "UI", "UI\UI.csproj", "{769AA77B-98A4-402F-AF9A-1336DD2E3FB9}"
EndProject
Global
	GlobalSection(SolutionConfigurationPlatforms) = preSolution
		Debug|Any CPU = Debug|Any CPU
		Release|Any CPU = Release|Any CPU
	EndGlobalSection
	GlobalSection(ProjectConfigurationPlatforms) = postSolution
		{FE5F5CE7-DE96-496E-97D1-73AD9BBA8400}.Debug|Any CPU.ActiveCfg = Debug|Any CPU
		{FE5F5CE7-DE96-496E-97D1-73AD9BBA8400}.Debug|Any CPU.Build.0 = Debug|Any CPU
		{FE5F5CE7-DE96-496E-97D1-73AD9BBA8400}.Release|Any CPU.ActiveCfg = Release|Any CPU
		{FE5F5CE7-DE96-496E-97D1-73AD9BBA8400}.Release|Any CPU.Build.0 = Release|Any CPU
		{55D26868-CB52-4474-8C0B-6B0986DBCF5E}.Debug|Any CPU.ActiveCfg = Debug|Any CPU
		{55D26868-CB52-4474-8C0B-6B0986DBCF5E}.Debug|Any CPU.Build.0 = Debug|Any CPU
		{55D26868-CB52-4474-8C0B-6B0986DBCF5E}.Release|Any CPU.ActiveCfg = Release|Any CPU
		{55D26868-CB52-4474-8C0B-6B0986DBCF5E}.Release|Any CPU.Build.0 = Release|Any CPU
		{814A1E4D-44FC-41DF-B14C-007438413D08}.Debug|Any CPU.ActiveCfg = Debug|Any CPU
		{814A1E4D-44FC-41DF-B14C-007438413D08}.Debug|Any CPU.Build.0 = Debug|Any CPU
		{814A1E4D-44FC-41DF-B14C-007438413D08}.Release|Any CPU.ActiveCfg = Release|Any CPU
		{814A1E4D-44FC-41DF-B14C-007438413D08}.Release|Any CPU.Build.0 = Release|Any CPU
		{769AA77B-98A4-402F-AF9A-1336DD2E3FB9}.Debug|Any CPU.ActiveCfg = Debug|Any CPU
		{769AA77B-98A4-402F-AF9A-1336DD2E3FB9}.Debug|Any CPU.Build.0 = Debug|Any CPU
		{769AA77B-98A4-402F-AF9A-1336DD2E3FB9}.Release|Any CPU.ActiveCfg = Release|Any CPU
		{769AA77B-98A4-402F-AF9A-1336DD2E3FB9}.Release|Any CPU.Build.0 = Release|Any CPU
	EndGlobalSection
	GlobalSection(SolutionProperties) = preSolution
		HideSolutionNode = FALSE
	EndGlobalSection
	GlobalSection(ExtensibilityGlobals) = postSolution
		SolutionGuid = {1395177A-B964-4F7B-A495-DB7041A736E3}
	EndGlobalSection
EndGlobal
